// !$*UTF8*$!
{
	archiveVersion = 1;
	classes = {
	};
	objectVersion = 46;
	objects = {

/* Begin PBXBuildFile section */
		629C38041CC70A1A0033B66A /* AppDelegate.swift in Sources */ = {isa = PBXBuildFile; fileRef = 629C38031CC70A1A0033B66A /* AppDelegate.swift */; };
		629C38061CC70A1A0033B66A /* ViewController.swift in Sources */ = {isa = PBXBuildFile; fileRef = 629C38051CC70A1A0033B66A /* ViewController.swift */; };
		629C38091CC70A1A0033B66A /* Main.storyboard in Resources */ = {isa = PBXBuildFile; fileRef = 629C38071CC70A1A0033B66A /* Main.storyboard */; };
		629C380B1CC70A1A0033B66A /* Assets.xcassets in Resources */ = {isa = PBXBuildFile; fileRef = 629C380A1CC70A1A0033B66A /* Assets.xcassets */; };
		629C380E1CC70A1A0033B66A /* LaunchScreen.storyboard in Resources */ = {isa = PBXBuildFile; fileRef = 629C380C1CC70A1A0033B66A /* LaunchScreen.storyboard */; };
		629C38191CC70A1A0033B66A /* self_size_cell_demoTests.swift in Sources */ = {isa = PBXBuildFile; fileRef = 629C38181CC70A1A0033B66A /* self_size_cell_demoTests.swift */; };
		629C38241CC70A1A0033B66A /* self_size_cell_demoUITests.swift in Sources */ = {isa = PBXBuildFile; fileRef = 629C38231CC70A1A0033B66A /* self_size_cell_demoUITests.swift */; };
/* End PBXBuildFile section */

/* Begin PBXContainerItemProxy section */
		629C38151CC70A1A0033B66A /* PBXContainerItemProxy */ = {
			isa = PBXContainerItemProxy;
			containerPortal = 629C37F81CC70A1A0033B66A /* Project object */;
			proxyType = 1;
			remoteGlobalIDString = 629C37FF1CC70A1A0033B66A;
			remoteInfo = self_size_cell_demo;
		};
		629C38201CC70A1A0033B66A /* PBXContainerItemProxy */ = {
			isa = PBXContainerItemProxy;
			containerPortal = 629C37F81CC70A1A0033B66A /* Project object */;
			proxyType = 1;
			remoteGlobalIDString = 629C37FF1CC70A1A0033B66A;
			remoteInfo = self_size_cell_demo;
		};
/* End PBXContainerItemProxy section */

/* Begin PBXFileReference section */
		629C38001CC70A1A0033B66A /* self_size_cell_demo.app */ = {isa = PBXFileReference; explicitFileType = wrapper.application; includeInIndex = 0; path = self_size_cell_demo.app; sourceTree = BUILT_PRODUCTS_DIR; };
		629C38031CC70A1A0033B66A /* AppDelegate.swift */ = {isa = PBXFileReference; lastKnownFileType = sourcecode.swift; path = AppDelegate.swift; sourceTree = "<group>"; };
		629C38051CC70A1A0033B66A /* ViewController.swift */ = {isa = PBXFileReference; lastKnownFileType = sourcecode.swift; path = ViewController.swift; sourceTree = "<group>"; };
		629C38081CC70A1A0033B66A /* Base */ = {isa = PBXFileReference; lastKnownFileType = file.storyboard; name = Base; path = Base.lproj/Main.storyboard; sourceTree = "<group>"; };
		629C380A1CC70A1A0033B66A /* Assets.xcassets */ = {isa = PBXFileReference; lastKnownFileType = folder.assetcatalog; path = Assets.xcassets; sourceTree = "<group>"; };
		629C380D1CC70A1A0033B66A /* Base */ = {isa = PBXFileReference; lastKnownFileType = file.storyboard; name = Base; path = Base.lproj/LaunchScreen.storyboard; sourceTree = "<group>"; };
		629C380F1CC70A1A0033B66A /* Info.plist */ = {isa = PBXFileReference; lastKnownFileType = text.plist.xml; path = Info.plist; sourceTree = "<group>"; };
		629C38141CC70A1A0033B66A /* self_size_cell_demoTests.xctest */ = {isa = PBXFileReference; explicitFileType = wrapper.cfbundle; includeInIndex = 0; path = self_size_cell_demoTests.xctest; sourceTree = BUILT_PRODUCTS_DIR; };
		629C38181CC70A1A0033B66A /* self_size_cell_demoTests.swift */ = {isa = PBXFileReference; lastKnownFileType = sourcecode.swift; path = self_size_cell_demoTests.swift; sourceTree = "<group>"; };
		629C381A1CC70A1A0033B66A /* Info.plist */ = {isa = PBXFileReference; lastKnownFileType = text.plist.xml; path = Info.plist; sourceTree = "<group>"; };
		629C381F1CC70A1A0033B66A /* self_size_cell_demoUITests.xctest */ = {isa = PBXFileReference; explicitFileType = wrapper.cfbundle; includeInIndex = 0; path = self_size_cell_demoUITests.xctest; sourceTree = BUILT_PRODUCTS_DIR; };
		629C38231CC70A1A0033B66A /* self_size_cell_demoUITests.swift */ = {isa = PBXFileReference; lastKnownFileType = sourcecode.swift; path = self_size_cell_demoUITests.swift; sourceTree = "<group>"; };
		629C38251CC70A1A0033B66A /* Info.plist */ = {isa = PBXFileReference; lastKnownFileType = text.plist.xml; path = Info.plist; sourceTree = "<group>"; };
/* End PBXFileReference section */

/* Begin PBXFrameworksBuildPhase section */
		629C37FD1CC70A1A0033B66A /* Frameworks */ = {
			isa = PBXFrameworksBuildPhase;
			buildActionMask = 2147483647;
			files = (
			);
			runOnlyForDeploymentPostprocessing = 0;
		};
		629C38111CC70A1A0033B66A /* Frameworks */ = {
			isa = PBXFrameworksBuildPhase;
			buildActionMask = 2147483647;
			files = (
			);
			runOnlyForDeploymentPostprocessing = 0;
		};
		629C381C1CC70A1A0033B66A /* Frameworks */ = {
			isa = PBXFrameworksBuildPhase;
			buildActionMask = 2147483647;
			files = (
			);
			runOnlyForDeploymentPostprocessing = 0;
		};
/* End PBXFrameworksBuildPhase section */

/* Begin PBXGroup section */
		629C37F71CC70A1A0033B66A = {
			isa = PBXGroup;
			children = (
				629C38021CC70A1A0033B66A /* self_size_cell_demo */,
				629C38171CC70A1A0033B66A /* self_size_cell_demoTests */,
				629C38221CC70A1A0033B66A /* self_size_cell_demoUITests */,
				629C38011CC70A1A0033B66A /* Products */,
			);
			sourceTree = "<group>";
		};
		629C38011CC70A1A0033B66A /* Products */ = {
			isa = PBXGroup;
			children = (
				629C38001CC70A1A0033B66A /* self_size_cell_demo.app */,
				629C38141CC70A1A0033B66A /* self_size_cell_demoTests.xctest */,
				629C381F1CC70A1A0033B66A /* self_size_cell_demoUITests.xctest */,
			);
			name = Products;
			sourceTree = "<group>";
		};
		629C38021CC70A1A0033B66A /* self_size_cell_demo */ = {
			isa = PBXGroup;
			children = (
				629C38031CC70A1A0033B66A /* AppDelegate.swift */,
				629C38051CC70A1A0033B66A /* ViewController.swift */,
				629C38071CC70A1A0033B66A /* Main.storyboard */,
				629C380A1CC70A1A0033B66A /* Assets.xcassets */,
				629C380C1CC70A1A0033B66A /* LaunchScreen.storyboard */,
				629C380F1CC70A1A0033B66A /* Info.plist */,
			);
			path = self_size_cell_demo;
			sourceTree = "<group>";
		};
		629C38171CC70A1A0033B66A /* self_size_cell_demoTests */ = {
			isa = PBXGroup;
			children = (
				629C38181CC70A1A0033B66A /* self_size_cell_demoTests.swift */,
				629C381A1CC70A1A0033B66A /* Info.plist */,
			);
			path = self_size_cell_demoTests;
			sourceTree = "<group>";
		};
		629C38221CC70A1A0033B66A /* self_size_cell_demoUITests */ = {
			isa = PBXGroup;
			children = (
				629C38231CC70A1A0033B66A /* self_size_cell_demoUITests.swift */,
				629C38251CC70A1A0033B66A /* Info.plist */,
			);
			path = self_size_cell_demoUITests;
			sourceTree = "<group>";
		};
/* End PBXGroup section */

/* Begin PBXNativeTarget section */
		629C37FF1CC70A1A0033B66A /* self_size_cell_demo */ = {
			isa = PBXNativeTarget;
			buildConfigurationList = 629C38281CC70A1A0033B66A /* Build configuration list for PBXNativeTarget "self_size_cell_demo" */;
			buildPhases = (
				629C37FC1CC70A1A0033B66A /* Sources */,
				629C37FD1CC70A1A0033B66A /* Frameworks */,
				629C37FE1CC70A1A0033B66A /* Resources */,
			);
			buildRules = (
			);
			dependencies = (
			);
			name = self_size_cell_demo;
			productName = self_size_cell_demo;
			productReference = 629C38001CC70A1A0033B66A /* self_size_cell_demo.app */;
			productType = "com.apple.product-type.application";
		};
		629C38131CC70A1A0033B66A /* self_size_cell_demoTests */ = {
			isa = PBXNativeTarget;
			buildConfigurationList = 629C382B1CC70A1A0033B66A /* Build configuration list for PBXNativeTarget "self_size_cell_demoTests" */;
			buildPhases = (
				629C38101CC70A1A0033B66A /* Sources */,
				629C38111CC70A1A0033B66A /* Frameworks */,
				629C38121CC70A1A0033B66A /* Resources */,
			);
			buildRules = (
			);
			dependencies = (
				629C38161CC70A1A0033B66A /* PBXTargetDependency */,
			);
			name = self_size_cell_demoTests;
			productName = self_size_cell_demoTests;
			productReference = 629C38141CC70A1A0033B66A /* self_size_cell_demoTests.xctest */;
			productType = "com.apple.product-type.bundle.unit-test";
		};
		629C381E1CC70A1A0033B66A /* self_size_cell_demoUITests */ = {
			isa = PBXNativeTarget;
			buildConfigurationList = 629C382E1CC70A1A0033B66A /* Build configuration list for PBXNativeTarget "self_size_cell_demoUITests" */;
			buildPhases = (
				629C381B1CC70A1A0033B66A /* Sources */,
				629C381C1CC70A1A0033B66A /* Frameworks */,
				629C381D1CC70A1A0033B66A /* Resources */,
			);
			buildRules = (
			);
			dependencies = (
				629C38211CC70A1A0033B66A /* PBXTargetDependency */,
			);
			name = self_size_cell_demoUITests;
			productName = self_size_cell_demoUITests;
			productReference = 629C381F1CC70A1A0033B66A /* self_size_cell_demoUITests.xctest */;
			productType = "com.apple.product-type.bundle.ui-testing";
		};
/* End PBXNativeTarget section */

/* Begin PBXProject section */
		629C37F81CC70A1A0033B66A /* Project object */ = {
			isa = PBXProject;
			attributes = {
				LastSwiftUpdateCheck = 0730;
				LastUpgradeCheck = 0730;
				ORGANIZATIONNAME = HXHG;
				TargetAttributes = {
					629C37FF1CC70A1A0033B66A = {
						CreatedOnToolsVersion = 7.3;
					};
					629C38131CC70A1A0033B66A = {
						CreatedOnToolsVersion = 7.3;
						TestTargetID = 629C37FF1CC70A1A0033B66A;
					};
					629C381E1CC70A1A0033B66A = {
						CreatedOnToolsVersion = 7.3;
						TestTargetID = 629C37FF1CC70A1A0033B66A;
					};
				};
			};
			buildConfigurationList = 629C37FB1CC70A1A0033B66A /* Build configuration list for PBXProject "self_size_cell_demo" */;
			compatibilityVersion = "Xcode 3.2";
			developmentRegion = English;
			hasScannedForEncodings = 0;
			knownRegions = (
				en,
				Base,
			);
			mainGroup = 629C37F71CC70A1A0033B66A;
			productRefGroup = 629C38011CC70A1A0033B66A /* Products */;
			projectDirPath = "";
			projectRoot = "";
			targets = (
				629C37FF1CC70A1A0033B66A /* self_size_cell_demo */,
				629C38131CC70A1A0033B66A /* self_size_cell_demoTests */,
				629C381E1CC70A1A0033B66A /* self_size_cell_demoUITests */,
			);
		};
/* End PBXProject section */

/* Begin PBXResourcesBuildPhase section */
		629C37FE1CC70A1A0033B66A /* Resources */ = {
			isa = PBXResourcesBuildPhase;
			buildActionMask = 2147483647;
			files = (
				629C380E1CC70A1A0033B66A /* LaunchScreen.storyboard in Resources */,
				629C380B1CC70A1A0033B66A /* Assets.xcassets in Resources */,
				629C38091CC70A1A0033B66A /* Main.storyboard in Resources */,
			);
			runOnlyForDeploymentPostprocessing = 0;
		};
		629C38121CC70A1A0033B66A /* Resources */ = {
			isa = PBXResourcesBuildPhase;
			buildActionMask = 2147483647;
			files = (
			);
			runOnlyForDeploymentPostprocessing = 0;
		};
		629C381D1CC70A1A0033B66A /* Resources */ = {
			isa = PBXResourcesBuildPhase;
			buildActionMask = 2147483647;
			files = (
			);
			runOnlyForDeploymentPostprocessing = 0;
		};
/* End PBXResourcesBuildPhase section */

/* Begin PBXSourcesBuildPhase section */
		629C37FC1CC70A1A0033B66A /* Sources */ = {
			isa = PBXSourcesBuildPhase;
			buildActionMask = 2147483647;
			files = (
				629C38061CC70A1A0033B66A /* ViewController.swift in Sources */,
				629C38041CC70A1A0033B66A /* AppDelegate.swift in Sources */,
			);
			runOnlyForDeploymentPostprocessing = 0;
		};
		629C38101CC70A1A0033B66A /* Sources */ = {
			isa = PBXSourcesBuildPhase;
			buildActionMask = 2147483647;
			files = (
				629C38191CC70A1A0033B66A /* self_size_cell_demoTests.swift in Sources */,
			);
			runOnlyForDeploymentPostprocessing = 0;
		};
		629C381B1CC70A1A0033B66A /* Sources */ = {
			isa = PBXSourcesBuildPhase;
			buildActionMask = 2147483647;
			files = (
				629C38241CC70A1A0033B66A /* self_size_cell_demoUITests.swift in Sources */,
			);
			runOnlyForDeploymentPostprocessing = 0;
		};
/* End PBXSourcesBuildPhase section */

/* Begin PBXTargetDependency section */
		629C38161CC70A1A0033B66A /* PBXTargetDependency */ = {
			isa = PBXTargetDependency;
			target = 629C37FF1CC70A1A0033B66A /* self_size_cell_demo */;
			targetProxy = 629C38151CC70A1A0033B66A /* PBXContainerItemProxy */;
		};
		629C38211CC70A1A0033B66A /* PBXTargetDependency */ = {
			isa = PBXTargetDependency;
			target = 629C37FF1CC70A1A0033B66A /* self_size_cell_demo */;
			targetProxy = 629C38201CC70A1A0033B66A /* PBXContainerItemProxy */;
		};
/* End PBXTargetDependency section */

/* Begin PBXVariantGroup section */
		629C38071CC70A1A0033B66A /* Main.storyboard */ = {
			isa = PBXVariantGroup;
			children = (
				629C38081CC70A1A0033B66A /* Base */,
			);
			name = Main.storyboard;
			sourceTree = "<group>";
		};
		629C380C1CC70A1A0033B66A /* LaunchScreen.storyboard */ = {
			isa = PBXVariantGroup;
			children = (
				629C380D1CC70A1A0033B66A /* Base */,
			);
			name = LaunchScreen.storyboard;
			sourceTree = "<group>";
		};
/* End PBXVariantGroup section */

/* Begin XCBuildConfiguration section */
		629C38261CC70A1A0033B66A /* Debug */ = {
			isa = XCBuildConfiguration;
			buildSettings = {
				ALWAYS_SEARCH_USER_PATHS = NO;
				CLANG_ANALYZER_NONNULL = YES;
				CLANG_CXX_LANGUAGE_STANDARD = "gnu++0x";
				CLANG_CXX_LIBRARY = "libc++";
				CLANG_ENABLE_MODULES = YES;
				CLANG_ENABLE_OBJC_ARC = YES;
				CLANG_WARN_BOOL_CONVERSION = YES;
				CLANG_WARN_CONSTANT_CONVERSION = YES;
				CLANG_WARN_DIRECT_OBJC_ISA_USAGE = YES_ERROR;
				CLANG_WARN_EMPTY_BODY = YES;
				CLANG_WARN_ENUM_CONVERSION = YES;
				CLANG_WARN_INT_CONVERSION = YES;
				CLANG_WARN_OBJC_ROOT_CLASS = YES_ERROR;
				CLANG_WARN_UNREACHABLE_CODE = YES;
				CLANG_WARN__DUPLICATE_METHOD_MATCH = YES;
				"CODE_SIGN_IDENTITY[sdk=iphoneos*]" = "iPhone Developer";
				COPY_PHASE_STRIP = NO;
				DEBUG_INFORMATION_FORMAT = dwarf;
				ENABLE_STRICT_OBJC_MSGSEND = YES;
				ENABLE_TESTABILITY = YES;
				GCC_C_LANGUAGE_STANDARD = gnu99;
				GCC_DYNAMIC_NO_PIC = NO;
				GCC_NO_COMMON_BLOCKS = YES;
				GCC_OPTIMIZATION_LEVEL = 0;
				GCC_PREPROCESSOR_DEFINITIONS = (
					"DEBUG=1",
					"$(inherited)",
				);
				GCC_WARN_64_TO_32_BIT_CONVERSION = YES;
				GCC_WARN_ABOUT_RETURN_TYPE = YES_ERROR;
				GCC_WARN_UNDECLARED_SELECTOR = YES;
				GCC_WARN_UNINITIALIZED_AUTOS = YES_AGGRESSIVE;
				GCC_WARN_UNUSED_FUNCTION = YES;
				GCC_WARN_UNUSED_VARIABLE = YES;
				IPHONEOS_DEPLOYMENT_TARGET = 9.3;
				MTL_ENABLE_DEBUG_INFO = YES;
				ONLY_ACTIVE_ARCH = YES;
				SDKROOT = iphoneos;
				SWIFT_OPTIMIZATION_LEVEL = "-Onone";
				TARGETED_DEVICE_FAMILY = "1,2";
			};
			name = Debug;
		};
		629C38271CC70A1A0033B66A /* Release */ = {
			isa = XCBuildConfiguration;
			buildSettings = {
				ALWAYS_SEARCH_USER_PATHS = NO;
				CLANG_ANALYZER_NONNULL = YES;
				CLANG_CXX_LANGUAGE_STANDARD = "gnu++0x";
				CLANG_CXX_LIBRARY = "libc++";
				CLANG_ENABLE_MODULES = YES;
				CLANG_ENABLE_OBJC_ARC = YES;
				CLANG_WARN_BOOL_CONVERSION = YES;
				CLANG_WARN_CONSTANT_CONVERSION = YES;
				CLANG_WARN_DIRECT_OBJC_ISA_USAGE = YES_ERROR;
				CLANG_WARN_EMPTY_BODY = YES;
				CLANG_WARN_ENUM_CONVERSION = YES;
				CLANG_WARN_INT_CONVERSION = YES;
				CLANG_WARN_OBJC_ROOT_CLASS = YES_ERROR;
				CLANG_WARN_UNREACHABLE_CODE = YES;
				CLANG_WARN__DUPLICATE_METHOD_MATCH = YES;
				"CODE_SIGN_IDENTITY[sdk=iphoneos*]" = "iPhone Developer";
				COPY_PHASE_STRIP = NO;
				DEBUG_INFORMATION_FORMAT = "dwarf-with-dsym";
				ENABLE_NS_ASSERTIONS = NO;
				ENABLE_STRICT_OBJC_MSGSEND = YES;
				GCC_C_LANGUAGE_STANDARD = gnu99;
				GCC_NO_COMMON_BLOCKS = YES;
				GCC_WARN_64_TO_32_BIT_CONVERSION = YES;
				GCC_WARN_ABOUT_RETURN_TYPE = YES_ERROR;
				GCC_WARN_UNDECLARED_SELECTOR = YES;
				GCC_WARN_UNINITIALIZED_AUTOS = YES_AGGRESSIVE;
				GCC_WARN_UNUSED_FUNCTION = YES;
				GCC_WARN_UNUSED_VARIABLE = YES;
				IPHONEOS_DEPLOYMENT_TARGET = 9.3;
				MTL_ENABLE_DEBUG_INFO = NO;
				SDKROOT = iphoneos;
				TARGETED_DEVICE_FAMILY = "1,2";
				VALIDATE_PRODUCT = YES;
			};
			name = Release;
		};
		629C38291CC70A1A0033B66A /* Debug */ = {
			isa = XCBuildConfiguration;
			buildSettings = {
				ASSETCATALOG_COMPILER_APPICON_NAME = AppIcon;
				INFOPLIST_FILE = self_size_cell_demo/Info.plist;
				LD_RUNPATH_SEARCH_PATHS = "$(inherited) @executable_path/Frameworks";
				PRODUCT_BUNDLE_IDENTIFIER = "HXHG.self-size-cell-demo";
				PRODUCT_NAME = "$(TARGET_NAME)";
			};
			name = Debug;
		};
		629C382A1CC70A1A0033B66A /* Release */ = {
			isa = XCBuildConfiguration;
			buildSettings = {
				ASSETCATALOG_COMPILER_APPICON_NAME = AppIcon;
				INFOPLIST_FILE = self_size_cell_demo/Info.plist;
				LD_RUNPATH_SEARCH_PATHS = "$(inherited) @executable_path/Frameworks";
				PRODUCT_BUNDLE_IDENTIFIER = "HXHG.self-size-cell-demo";
				PRODUCT_NAME = "$(TARGET_NAME)";
			};
			name = Release;
		};
		629C382C1CC70A1A0033B66A /* Debug */ = {
			isa = XCBuildConfiguration;
			buildSettings = {
				BUNDLE_LOADER = "$(TEST_HOST)";
				INFOPLIST_FILE = self_size_cell_demoTests/Info.plist;
				LD_RUNPATH_SEARCH_PATHS = "$(inherited) @executable_path/Frameworks @loader_path/Frameworks";
				PRODUCT_BUNDLE_IDENTIFIER = "HXHG.self-size-cell-demoTests";
				PRODUCT_NAME = "$(TARGET_NAME)";
				TEST_HOST = "$(BUILT_PRODUCTS_DIR)/self_size_cell_demo.app/self_size_cell_demo";
			};
			name = Debug;
		};
		629C382D1CC70A1A0033B66A /* Release */ = {
			isa = XCBuildConfiguration;
			buildSettings = {
				BUNDLE_LOADER = "$(TEST_HOST)";
				INFOPLIST_FILE = self_size_cell_demoTests/Info.plist;
				LD_RUNPATH_SEARCH_PATHS = "$(inherited) @executable_path/Frameworks @loader_path/Frameworks";
				PRODUCT_BUNDLE_IDENTIFIER = "HXHG.self-size-cell-demoTests";
				PRODUCT_NAME = "$(TARGET_NAME)";
				TEST_HOST = "$(BUILT_PRODUCTS_DIR)/self_size_cell_demo.app/self_size_cell_demo";
			};
			name = Release;
		};
		629C382F1CC70A1A0033B66A /* Debug */ = {
			isa = XCBuildConfiguration;
			buildSettings = {
				INFOPLIST_FILE = self_size_cell_demoUITests/Info.plist;
				LD_RUNPATH_SEARCH_PATHS = "$(inherited) @executable_path/Frameworks @loader_path/Frameworks";
				PRODUCT_BUNDLE_IDENTIFIER = "HXHG.self-size-cell-demoUITests";
				PRODUCT_NAME = "$(TARGET_NAME)";
				TEST_TARGET_NAME = self_size_cell_demo;
			};
			name = Debug;
		};
		629C38301CC70A1A0033B66A /* Release */ = {
			isa = XCBuildConfiguration;
			buildSettings = {
				INFOPLIST_FILE = self_size_cell_demoUITests/Info.plist;
				LD_RUNPATH_SEARCH_PATHS = "$(inherited) @executable_path/Frameworks @loader_path/Frameworks";
				PRODUCT_BUNDLE_IDENTIFIER = "HXHG.self-size-cell-demoUITests";
				PRODUCT_NAME = "$(TARGET_NAME)";
				TEST_TARGET_NAME = self_size_cell_demo;
			};
			name = Release;
		};
/* End XCBuildConfiguration section */

/* Begin XCConfigurationList section */
		629C37FB1CC70A1A0033B66A /* Build configuration list for PBXProject "self_size_cell_demo" */ = {
			isa = XCConfigurationList;
			buildConfigurations = (
				629C38261CC70A1A0033B66A /* Debug */,
				629C38271CC70A1A0033B66A /* Release */,
			);
			defaultConfigurationIsVisible = 0;
			defaultConfigurationName = Release;
		};
		629C38281CC70A1A0033B66A /* Build configuration list for PBXNativeTarget "self_size_cell_demo" */ = {
			isa = XCConfigurationList;
			buildConfigurations = (
				629C38291CC70A1A0033B66A /* Debug */,
				629C382A1CC70A1A0033B66A /* Release */,
			);
			defaultConfigurationIsVisible = 0;
		};
		629C382B1CC70A1A0033B66A /* Build configuration list for PBXNativeTarget "self_size_cell_demoTests" */ = {
			isa = XCConfigurationList;
			buildConfigurations = (
				629C382C1CC70A1A0033B66A /* Debug */,
				629C382D1CC70A1A0033B66A /* Release */,
			);
			defaultConfigurationIsVisible = 0;
		};
		629C382E1CC70A1A0033B66A /* Build configuration list for PBXNativeTarget "self_size_cell_demoUITests" */ = {
			isa = XCConfigurationList;
			buildConfigurations = (
				629C382F1CC70A1A0033B66A /* Debug */,
				629C38301CC70A1A0033B66A /* Release */,
			);
			defaultConfigurationIsVisible = 0;
		};
/* End XCConfigurationList section */
	};
	rootObject = 629C37F81CC70A1A0033B66A /* Project object */;
}
